
Microsoft Visual Studio Solution File, Format Version 12.00
# Visual Studio Version 17
VisualStudioVersion = 17.10.35122.118
MinimumVisualStudioVersion = 10.0.40219.1
Project("{9A19103F-16F7-4668-BE54-9A1E7A4F7556}") = "ServiceA", "ServiceA\ServiceA.csproj", "{43E4E507-F0ED-43CC-A937-07016484E293}"
EndProject
Project("{9A19103F-16F7-4668-BE54-9A1E7A4F7556}") = "ConfigurationReaderLibrary", "ConfigurationReaderLibrary\ConfigurationReaderLibrary.csproj", "{3644CC7B-C0AE-442B-AE84-FCECCF639D30}"
EndProject
Project("{9A19103F-16F7-4668-BE54-9A1E7A4F7556}") = "ServiceB", "ServiceB\ServiceB.csproj", "{FC83EF03-E3C2-4770-80C6-2A16C6530320}"
EndProject
Project("{9A19103F-16F7-4668-BE54-9A1E7A4F7556}") = "ConfigurationWebPage", "ConfigurationWebPage\ConfigurationWebPage.csproj", "{CC0B4CEB-978C-4984-AECF-CF197007D8D9}"
EndProject
Project("{FAE04EC0-301F-11D3-BF4B-00C04F79EFBC}") = "ConfigurationReaderLibrary.Test", "ConfigurationReaderLibrary.Test\ConfigurationReaderLibrary.Test.csproj", "{7DD114A8-1CCC-4049-8880-A7345775726B}"
EndProject
Global
	GlobalSection(SolutionConfigurationPlatforms) = preSolution
		Debug|Any CPU = Debug|Any CPU
		Release|Any CPU = Release|Any CPU
	EndGlobalSection
	GlobalSection(ProjectConfigurationPlatforms) = postSolution
		{43E4E507-F0ED-43CC-A937-07016484E293}.Debug|Any CPU.ActiveCfg = Debug|Any CPU
		{43E4E507-F0ED-43CC-A937-07016484E293}.Debug|Any CPU.Build.0 = Debug|Any CPU
		{43E4E507-F0ED-43CC-A937-07016484E293}.Release|Any CPU.ActiveCfg = Release|Any CPU
		{43E4E507-F0ED-43CC-A937-07016484E293}.Release|Any CPU.Build.0 = Release|Any CPU
		{3644CC7B-C0AE-442B-AE84-FCECCF639D30}.Debug|Any CPU.ActiveCfg = Debug|Any CPU
		{3644CC7B-C0AE-442B-AE84-FCECCF639D30}.Debug|Any CPU.Build.0 = Debug|Any CPU
		{3644CC7B-C0AE-442B-AE84-FCECCF639D30}.Release|Any CPU.ActiveCfg = Release|Any CPU
		{3644CC7B-C0AE-442B-AE84-FCECCF639D30}.Release|Any CPU.Build.0 = Release|Any CPU
		{FC83EF03-E3C2-4770-80C6-2A16C6530320}.Debug|Any CPU.ActiveCfg = Debug|Any CPU
		{FC83EF03-E3C2-4770-80C6-2A16C6530320}.Debug|Any CPU.Build.0 = Debug|Any CPU
		{FC83EF03-E3C2-4770-80C6-2A16C6530320}.Release|Any CPU.ActiveCfg = Release|Any CPU
		{FC83EF03-E3C2-4770-80C6-2A16C6530320}.Release|Any CPU.Build.0 = Release|Any CPU
		{CC0B4CEB-978C-4984-AECF-CF197007D8D9}.Debug|Any CPU.ActiveCfg = Debug|Any CPU
		{CC0B4CEB-978C-4984-AECF-CF197007D8D9}.Debug|Any CPU.Build.0 = Debug|Any CPU
		{CC0B4CEB-978C-4984-AECF-CF197007D8D9}.Release|Any CPU.ActiveCfg = Release|Any CPU
		{CC0B4CEB-978C-4984-AECF-CF197007D8D9}.Release|Any CPU.Build.0 = Release|Any CPU
		{7DD114A8-1CCC-4049-8880-A7345775726B}.Debug|Any CPU.ActiveCfg = Debug|Any CPU
		{7DD114A8-1CCC-4049-8880-A7345775726B}.Debug|Any CPU.Build.0 = Debug|Any CPU
		{7DD114A8-1CCC-4049-8880-A7345775726B}.Release|Any CPU.ActiveCfg = Release|Any CPU
		{7DD114A8-1CCC-4049-8880-A7345775726B}.Release|Any CPU.Build.0 = Release|Any CPU
	EndGlobalSection
	GlobalSection(SolutionProperties) = preSolution
		HideSolutionNode = FALSE
	EndGlobalSection
	GlobalSection(ExtensibilityGlobals) = postSolution
		SolutionGuid = {C92BB020-F92C-46A9-89FD-2BC7B8E98323}
	EndGlobalSection
EndGlobal
